lockfileVersion: '6.0'

settings:
  autoInstallPeers: true
  excludeLinksFromLockfile: false

dependencies:
  redux-persist:
    specifier: ^6.0.0
    version: 6.0.0(redux@5.0.1)

packages:

  /redux-persist@6.0.0(redux@5.0.1):
    resolution: {integrity: sha512-71LLMbUq2r02ng2We9S215LtPu3fY0KgaGE0k8WRgl6RkqxtGfl7HUozz1Dftwsb0D/5mZ8dwAaPbtnzfvbEwQ==}
    peerDependencies:
      react: '>=16'
      redux: '>4.0.0'
    peerDependenciesMeta:
      react:
        optional: true
    dependencies:
      redux: 5.0.1
    dev: false

  /redux@5.0.1:
    resolution: {integrity: sha512-M9/ELqF6fy8FwmkpnF0S3YKOqMyoWJ4+CS5Efg2ct3oY9daQvd/Pc71FpGZsVsbl3Cpb+IIcjBDUnnyBdQbq4w==}
    dev: false
